
Microsoft Visual Studio Solution File, Format Version 12.00
# Visual Studio Version 16
VisualStudioVersion = 16.0.29001.49
MinimumVisualStudioVersion = 10.0.40219.1
Project("{FAE04EC0-301F-11D3-BF4B-00C04F79EFBC}") = "Volumes", "Volumes\Volumes.csproj", "{C568823B-AADC-4937-AC05-74FF346D7DB4}"
EndProject
Global
	GlobalSection(SolutionConfigurationPlatforms) = preSolution
		Debug|Any CPU = Debug|Any CPU
		Release|Any CPU = Release|Any CPU
	EndGlobalSection
	GlobalSection(ProjectConfigurationPlatforms) = postSolution
		{C568823B-AADC-4937-AC05-74FF346D7DB4}.Debug|Any CPU.ActiveCfg = Debug|Any CPU
		{C568823B-AADC-4937-AC05-74FF346D7DB4}.Debug|Any CPU.Build.0 = Debug|Any CPU
		{C568823B-AADC-4937-AC05-74FF346D7DB4}.Release|Any CPU.ActiveCfg = Release|Any CPU
		{C568823B-AADC-4937-AC05-74FF346D7DB4}.Release|Any CPU.Build.0 = Release|Any CPU
	EndGlobalSection
	GlobalSection(SolutionProperties) = preSolution
		HideSolutionNode = FALSE
	EndGlobalSection
	GlobalSection(ExtensibilityGlobals) = postSolution
		SolutionGuid = {4E79F255-57F9-45B6-90FB-85E307511D78}
	EndGlobalSection
EndGlobal
